
Microsoft Visual Studio Solution File, Format Version 11.00
# Visual Studio 2010
Project("{FAE04EC0-301F-11D3-BF4B-00C04F79EFBC}") = "LOGO", "LOGO\LOGO.csproj", "{F5065CBA-908F-4E2D-AA06-D0EBE58A0406}"
EndProject
Global
	GlobalSection(SolutionConfigurationPlatforms) = preSolution
		Debug|x86 = Debug|x86
		Release|x86 = Release|x86
	EndGlobalSection
	GlobalSection(ProjectConfigurationPlatforms) = postSolution
		{F5065CBA-908F-4E2D-AA06-D0EBE58A0406}.Debug|x86.ActiveCfg = Debug|x86
		{F5065CBA-908F-4E2D-AA06-D0EBE58A0406}.Debug|x86.Build.0 = Debug|x86
		{F5065CBA-908F-4E2D-AA06-D0EBE58A0406}.Release|x86.ActiveCfg = Release|x86
		{F5065CBA-908F-4E2D-AA06-D0EBE58A0406}.Release|x86.Build.0 = Release|x86
	EndGlobalSection
	GlobalSection(SolutionProperties) = preSolution
		HideSolutionNode = FALSE
	EndGlobalSection
EndGlobal
